
Microsoft Visual Studio Solution File, Format Version 12.00
# Visual Studio 15
VisualStudioVersion = 15.0.26228.9
MinimumVisualStudioVersion = 10.0.40219.1
Project("{FAE04EC0-301F-11D3-BF4B-00C04F79EFBC}") = "MeramecNetFlixProject", "MeramecNetFlixProject\MeramecNetFlixProject.csproj", "{A798CCB2-0E60-40FB-B92E-7F06AD63342A}"
EndProject
Project("{FAE04EC0-301F-11D3-BF4B-00C04F79EFBC}") = "MeramecNetFlixComponentProject", "MeramecNetFlixComponentProject\MeramecNetFlixComponentProject.csproj", "{80459640-1E30-4F24-A12F-3F464F24D9B6}"
EndProject
Global
	GlobalSection(SolutionConfigurationPlatforms) = preSolution
		Debug|Any CPU = Debug|Any CPU
		Release|Any CPU = Release|Any CPU
	EndGlobalSection
	GlobalSection(ProjectConfigurationPlatforms) = postSolution
		{A798CCB2-0E60-40FB-B92E-7F06AD63342A}.Debug|Any CPU.ActiveCfg = Debug|Any CPU
		{A798CCB2-0E60-40FB-B92E-7F06AD63342A}.Debug|Any CPU.Build.0 = Debug|Any CPU
		{A798CCB2-0E60-40FB-B92E-7F06AD63342A}.Release|Any CPU.ActiveCfg = Release|Any CPU
		{A798CCB2-0E60-40FB-B92E-7F06AD63342A}.Release|Any CPU.Build.0 = Release|Any CPU
		{80459640-1E30-4F24-A12F-3F464F24D9B6}.Debug|Any CPU.ActiveCfg = Debug|Any CPU
		{80459640-1E30-4F24-A12F-3F464F24D9B6}.Debug|Any CPU.Build.0 = Debug|Any CPU
		{80459640-1E30-4F24-A12F-3F464F24D9B6}.Release|Any CPU.ActiveCfg = Release|Any CPU
		{80459640-1E30-4F24-A12F-3F464F24D9B6}.Release|Any CPU.Build.0 = Release|Any CPU
	EndGlobalSection
	GlobalSection(SolutionProperties) = preSolution
		HideSolutionNode = FALSE
	EndGlobalSection
	GlobalSection(TeamFoundationVersionControl) = preSolution
		SccNumberOfProjects = 3
		SccEnterpriseProvider = {4CA58AB2-18FA-4F8D-95D4-32DDF27D184C}
		SccTeamFoundationServer = https://rpkrom.visualstudio.com/
		SccLocalPath0 = .
		SccProjectUniqueName1 = MeramecNetFlixComponentProject\\MeramecNetFlixComponentProject.csproj
		SccProjectName1 = MeramecNetFlixComponentProject
		SccLocalPath1 = MeramecNetFlixComponentProject
		SccProjectUniqueName2 = MeramecNetFlixProject\\MeramecNetFlixProject.csproj
		SccProjectName2 = MeramecNetFlixProject
		SccLocalPath2 = MeramecNetFlixProject
	EndGlobalSection
EndGlobal
